
Microsoft Visual Studio Solution File, Format Version 12.00
Project("{FAE04EC0-301F-11D3-BF4B-00C04F79EFBC}") = "ContainerApplication", "ContainerApplication\ContainerApplication.csproj", "{638CACF1-F7CC-418F-950E-C1606AB14F8A}"
EndProject
Global
	GlobalSection(SolutionConfigurationPlatforms) = preSolution
		Debug|Any CPU = Debug|Any CPU
		Release|Any CPU = Release|Any CPU
	EndGlobalSection
	GlobalSection(ProjectConfigurationPlatforms) = postSolution
		{638CACF1-F7CC-418F-950E-C1606AB14F8A}.Debug|Any CPU.ActiveCfg = Debug|Any CPU
		{638CACF1-F7CC-418F-950E-C1606AB14F8A}.Debug|Any CPU.Build.0 = Debug|Any CPU
		{638CACF1-F7CC-418F-950E-C1606AB14F8A}.Release|Any CPU.ActiveCfg = Release|Any CPU
		{638CACF1-F7CC-418F-950E-C1606AB14F8A}.Release|Any CPU.Build.0 = Release|Any CPU
	EndGlobalSection
EndGlobal
